// !$*UTF8*$!
{
	archiveVersion = 1;
	classes = {
	};
	objectVersion = 56;
	objects = {

/* Begin PBXBuildFile section */
		583646562C2BFF44001148DC /* AppDelegate.swift in Sources */ = {isa = PBXBuildFile; fileRef = 583646552C2BFF44001148DC /* AppDelegate.swift */; };
		583646582C2BFF44001148DC /* SceneDelegate.swift in Sources */ = {isa = PBXBuildFile; fileRef = 583646572C2BFF44001148DC /* SceneDelegate.swift */; };
		5836465A2C2BFF44001148DC /* ViewController.swift in Sources */ = {isa = PBXBuildFile; fileRef = 583646592C2BFF44001148DC /* ViewController.swift */; };
		5836465D2C2BFF44001148DC /* Main.storyboard in Resources */ = {isa = PBXBuildFile; fileRef = 5836465B2C2BFF44001148DC /* Main.storyboard */; };
		5836465F2C2BFF45001148DC /* Assets.xcassets in Resources */ = {isa = PBXBuildFile; fileRef = 5836465E2C2BFF45001148DC /* Assets.xcassets */; };
		583646622C2BFF45001148DC /* LaunchScreen.storyboard in Resources */ = {isa = PBXBuildFile; fileRef = 583646602C2BFF45001148DC /* LaunchScreen.storyboard */; };
		5836466F2C2C0006001148DC /* NewEQView.swift in Sources */ = {isa = PBXBuildFile; fileRef = 5836466E2C2C0006001148DC /* NewEQView.swift */; };
		583646712C2C0036001148DC /* VerticalSlider.swift in Sources */ = {isa = PBXBuildFile; fileRef = 583646702C2C0036001148DC /* VerticalSlider.swift */; };
		583646732C2C0064001148DC /* VerticalSliderEventHandler.swift in Sources */ = {isa = PBXBuildFile; fileRef = 583646722C2C0064001148DC /* VerticalSliderEventHandler.swift */; };
		58411BBF2C2D478F001D6D26 /* EQPresetView.swift in Sources */ = {isa = PBXBuildFile; fileRef = 58411BBE2C2D478F001D6D26 /* EQPresetView.swift */; };
		58411BC32C2E46CD001D6D26 /* NewEQDetailVC.swift in Sources */ = {isa = PBXBuildFile; fileRef = 58411BC22C2E46CD001D6D26 /* NewEQDetailVC.swift */; };
		58411BC72C2E47DE001D6D26 /* NewEQDetailView.swift in Sources */ = {isa = PBXBuildFile; fileRef = 58411BC62C2E47DE001D6D26 /* NewEQDetailView.swift */; };
		58411BC92C2E50A3001D6D26 /* TopTitleTableViewCell.swift in Sources */ = {isa = PBXBuildFile; fileRef = 58411BC82C2E50A3001D6D26 /* TopTitleTableViewCell.swift */; };
		58411BCB2C2E50AF001D6D26 /* PresetTableViewCell.swift in Sources */ = {isa = PBXBuildFile; fileRef = 58411BCA2C2E50AF001D6D26 /* PresetTableViewCell.swift */; };
		58411BCD2C2E58D1001D6D26 /* CustomTableViewCell.swift in Sources */ = {isa = PBXBuildFile; fileRef = 58411BCC2C2E58D1001D6D26 /* CustomTableViewCell.swift */; };
		58411BCF2C2E8D10001D6D26 /* DottedBoarderView.swift in Sources */ = {isa = PBXBuildFile; fileRef = 58411BCE2C2E8D10001D6D26 /* DottedBoarderView.swift */; };
		58411BD22C2E8D71001D6D26 /* NewEQTutorialView.swift in Sources */ = {isa = PBXBuildFile; fileRef = 58411BD12C2E8D71001D6D26 /* NewEQTutorialView.swift */; };
		584D29162C2CFC7A00856C0F /* Then in Frameworks */ = {isa = PBXBuildFile; productRef = 584D29152C2CFC7A00856C0F /* Then */; };
		584D29182C2CFFC000856C0F /* EQSliderView.swift in Sources */ = {isa = PBXBuildFile; fileRef = 584D29172C2CFFC000856C0F /* EQSliderView.swift */; };
		585BF5BE2C2D104C008908F5 /* SnapKit in Frameworks */ = {isa = PBXBuildFile; productRef = 585BF5BD2C2D104C008908F5 /* SnapKit */; };
/* End PBXBuildFile section */

/* Begin PBXCopyFilesBuildPhase section */
		584D291A2C2D0EA100856C0F /* Embed Frameworks */ = {
			isa = PBXCopyFilesBuildPhase;
			buildActionMask = 2147483647;
			dstPath = "";
			dstSubfolderSpec = 10;
			files = (
			);
			name = "Embed Frameworks";
			runOnlyForDeploymentPostprocessing = 0;
		};
/* End PBXCopyFilesBuildPhase section */

/* Begin PBXFileReference section */
		583646522C2BFF44001148DC /* EQTest.app */ = {isa = PBXFileReference; explicitFileType = wrapper.application; includeInIndex = 0; path = EQTest.app; sourceTree = BUILT_PRODUCTS_DIR; };
		583646552C2BFF44001148DC /* AppDelegate.swift */ = {isa = PBXFileReference; lastKnownFileType = sourcecode.swift; path = AppDelegate.swift; sourceTree = "<group>"; };
		583646572C2BFF44001148DC /* SceneDelegate.swift */ = {isa = PBXFileReference; lastKnownFileType = sourcecode.swift; path = SceneDelegate.swift; sourceTree = "<group>"; };
		583646592C2BFF44001148DC /* ViewController.swift */ = {isa = PBXFileReference; lastKnownFileType = sourcecode.swift; path = ViewController.swift; sourceTree = "<group>"; };
		5836465C2C2BFF44001148DC /* Base */ = {isa = PBXFileReference; lastKnownFileType = file.storyboard; name = Base; path = Base.lproj/Main.storyboard; sourceTree = "<group>"; };
		5836465E2C2BFF45001148DC /* Assets.xcassets */ = {isa = PBXFileReference; lastKnownFileType = folder.assetcatalog; path = Assets.xcassets; sourceTree = "<group>"; };
		583646612C2BFF45001148DC /* Base */ = {isa = PBXFileReference; lastKnownFileType = file.storyboard; name = Base; path = Base.lproj/LaunchScreen.storyboard; sourceTree = "<group>"; };
		583646632C2BFF45001148DC /* Info.plist */ = {isa = PBXFileReference; lastKnownFileType = text.plist.xml; path = Info.plist; sourceTree = "<group>"; };
		5836466E2C2C0006001148DC /* NewEQView.swift */ = {isa = PBXFileReference; lastKnownFileType = sourcecode.swift; path = NewEQView.swift; sourceTree = "<group>"; };
		583646702C2C0036001148DC /* VerticalSlider.swift */ = {isa = PBXFileReference; lastKnownFileType = sourcecode.swift; path = VerticalSlider.swift; sourceTree = "<group>"; };
		583646722C2C0064001148DC /* VerticalSliderEventHandler.swift */ = {isa = PBXFileReference; lastKnownFileType = sourcecode.swift; path = VerticalSliderEventHandler.swift; sourceTree = "<group>"; };
		58411BBE2C2D478F001D6D26 /* EQPresetView.swift */ = {isa = PBXFileReference; lastKnownFileType = sourcecode.swift; path = EQPresetView.swift; sourceTree = "<group>"; };
		58411BC22C2E46CD001D6D26 /* NewEQDetailVC.swift */ = {isa = PBXFileReference; lastKnownFileType = sourcecode.swift; path = NewEQDetailVC.swift; sourceTree = "<group>"; };
		58411BC62C2E47DE001D6D26 /* NewEQDetailView.swift */ = {isa = PBXFileReference; lastKnownFileType = sourcecode.swift; path = NewEQDetailView.swift; sourceTree = "<group>"; };
		58411BC82C2E50A3001D6D26 /* TopTitleTableViewCell.swift */ = {isa = PBXFileReference; lastKnownFileType = sourcecode.swift; path = TopTitleTableViewCell.swift; sourceTree = "<group>"; };
		58411BCA2C2E50AF001D6D26 /* PresetTableViewCell.swift */ = {isa = PBXFileReference; lastKnownFileType = sourcecode.swift; path = PresetTableViewCell.swift; sourceTree = "<group>"; };
		58411BCC2C2E58D1001D6D26 /* CustomTableViewCell.swift */ = {isa = PBXFileReference; lastKnownFileType = sourcecode.swift; path = CustomTableViewCell.swift; sourceTree = "<group>"; };
		58411BCE2C2E8D10001D6D26 /* DottedBoarderView.swift */ = {isa = PBXFileReference; lastKnownFileType = sourcecode.swift; path = DottedBoarderView.swift; sourceTree = "<group>"; };
		58411BD12C2E8D71001D6D26 /* NewEQTutorialView.swift */ = {isa = PBXFileReference; lastKnownFileType = sourcecode.swift; path = NewEQTutorialView.swift; sourceTree = "<group>"; };
		584D29172C2CFFC000856C0F /* EQSliderView.swift */ = {isa = PBXFileReference; lastKnownFileType = sourcecode.swift; path = EQSliderView.swift; sourceTree = "<group>"; };
/* End PBXFileReference section */

/* Begin PBXFrameworksBuildPhase section */
		5836464F2C2BFF44001148DC /* Frameworks */ = {
			isa = PBXFrameworksBuildPhase;
			buildActionMask = 2147483647;
			files = (
				584D29162C2CFC7A00856C0F /* Then in Frameworks */,
				585BF5BE2C2D104C008908F5 /* SnapKit in Frameworks */,
			);
			runOnlyForDeploymentPostprocessing = 0;
		};
/* End PBXFrameworksBuildPhase section */

/* Begin PBXGroup section */
		583646492C2BFF44001148DC = {
			isa = PBXGroup;
			children = (
				583646542C2BFF44001148DC /* EQTest */,
				583646532C2BFF44001148DC /* Products */,
				584D291B2C2D0EE300856C0F /* Frameworks */,
			);
			sourceTree = "<group>";
		};
		583646532C2BFF44001148DC /* Products */ = {
			isa = PBXGroup;
			children = (
				583646522C2BFF44001148DC /* EQTest.app */,
			);
			name = Products;
			sourceTree = "<group>";
		};
		583646542C2BFF44001148DC /* EQTest */ = {
			isa = PBXGroup;
			children = (
				58411BD02C2E8D53001D6D26 /* NewEQTutorial */,
				58411BC42C2E47BA001D6D26 /* NewEQ */,
				58411BC52C2E47C8001D6D26 /* EQDetail */,
				58411BC02C2E45C7001D6D26 /* Components */,
				58411BC12C2E45E5001D6D26 /* Others */,
				583646632C2BFF45001148DC /* Info.plist */,
				5836465E2C2BFF45001148DC /* Assets.xcassets */,
			);
			path = EQTest;
			sourceTree = "<group>";
		};
		58411BC02C2E45C7001D6D26 /* Components */ = {
			isa = PBXGroup;
			children = (
				583646702C2C0036001148DC /* VerticalSlider.swift */,
				584D29172C2CFFC000856C0F /* EQSliderView.swift */,
				58411BBE2C2D478F001D6D26 /* EQPresetView.swift */,
				583646722C2C0064001148DC /* VerticalSliderEventHandler.swift */,
				58411BCE2C2E8D10001D6D26 /* DottedBoarderView.swift */,
			);
			path = Components;
			sourceTree = "<group>";
		};
		58411BC12C2E45E5001D6D26 /* Others */ = {
			isa = PBXGroup;
			children = (
				58411BC82C2E50A3001D6D26 /* TopTitleTableViewCell.swift */,
				58411BCA2C2E50AF001D6D26 /* PresetTableViewCell.swift */,
				5836465B2C2BFF44001148DC /* Main.storyboard */,
				583646602C2BFF45001148DC /* LaunchScreen.storyboard */,
				583646552C2BFF44001148DC /* AppDelegate.swift */,
				583646572C2BFF44001148DC /* SceneDelegate.swift */,
			);
			path = Others;
			sourceTree = "<group>";
		};
		58411BC42C2E47BA001D6D26 /* NewEQ */ = {
			isa = PBXGroup;
			children = (
				583646592C2BFF44001148DC /* ViewController.swift */,
				5836466E2C2C0006001148DC /* NewEQView.swift */,
			);
			path = NewEQ;
			sourceTree = "<group>";
		};
		58411BC52C2E47C8001D6D26 /* EQDetail */ = {
			isa = PBXGroup;
			children = (
				58411BC62C2E47DE001D6D26 /* NewEQDetailView.swift */,
				58411BC22C2E46CD001D6D26 /* NewEQDetailVC.swift */,
				58411BCC2C2E58D1001D6D26 /* CustomTableViewCell.swift */,
			);
			name = EQDetail;
			sourceTree = "<group>";
		};
		58411BD02C2E8D53001D6D26 /* NewEQTutorial */ = {
			isa = PBXGroup;
			children = (
				58411BD12C2E8D71001D6D26 /* NewEQTutorialView.swift */,
			);
			path = NewEQTutorial;
			sourceTree = "<group>";
		};
		584D291B2C2D0EE300856C0F /* Frameworks */ = {
			isa = PBXGroup;
			children = (
			);
			name = Frameworks;
			sourceTree = "<group>";
		};
/* End PBXGroup section */

/* Begin PBXNativeTarget section */
		583646512C2BFF44001148DC /* EQTest */ = {
			isa = PBXNativeTarget;
			buildConfigurationList = 583646662C2BFF45001148DC /* Build configuration list for PBXNativeTarget "EQTest" */;
			buildPhases = (
				5836464E2C2BFF44001148DC /* Sources */,
				5836464F2C2BFF44001148DC /* Frameworks */,
				583646502C2BFF44001148DC /* Resources */,
				584D291A2C2D0EA100856C0F /* Embed Frameworks */,
			);
			buildRules = (
			);
			dependencies = (
			);
			name = EQTest;
			packageProductDependencies = (
				584D29152C2CFC7A00856C0F /* Then */,
				585BF5BD2C2D104C008908F5 /* SnapKit */,
			);
			productName = EQTest;
			productReference = 583646522C2BFF44001148DC /* EQTest.app */;
			productType = "com.apple.product-type.application";
		};
/* End PBXNativeTarget section */

/* Begin PBXProject section */
		5836464A2C2BFF44001148DC /* Project object */ = {
			isa = PBXProject;
			attributes = {
				BuildIndependentTargetsInParallel = 1;
				LastSwiftUpdateCheck = 1520;
				LastUpgradeCheck = 1520;
				TargetAttributes = {
					583646512C2BFF44001148DC = {
						CreatedOnToolsVersion = 15.2;
					};
				};
			};
			buildConfigurationList = 5836464D2C2BFF44001148DC /* Build configuration list for PBXProject "EQTest" */;
			compatibilityVersion = "Xcode 14.0";
			developmentRegion = en;
			hasScannedForEncodings = 0;
			knownRegions = (
				en,
				Base,
			);
			mainGroup = 583646492C2BFF44001148DC;
			packageReferences = (
				584D29142C2CFC7A00856C0F /* XCRemoteSwiftPackageReference "Then" */,
				585BF5BC2C2D104C008908F5 /* XCRemoteSwiftPackageReference "SnapKit" */,
			);
			productRefGroup = 583646532C2BFF44001148DC /* Products */;
			projectDirPath = "";
			projectRoot = "";
			targets = (
				583646512C2BFF44001148DC /* EQTest */,
			);
		};
/* End PBXProject section */

/* Begin PBXResourcesBuildPhase section */
		583646502C2BFF44001148DC /* Resources */ = {
			isa = PBXResourcesBuildPhase;
			buildActionMask = 2147483647;
			files = (
				583646622C2BFF45001148DC /* LaunchScreen.storyboard in Resources */,
				5836465F2C2BFF45001148DC /* Assets.xcassets in Resources */,
				5836465D2C2BFF44001148DC /* Main.storyboard in Resources */,
			);
			runOnlyForDeploymentPostprocessing = 0;
		};
/* End PBXResourcesBuildPhase section */

/* Begin PBXSourcesBuildPhase section */
		5836464E2C2BFF44001148DC /* Sources */ = {
			isa = PBXSourcesBuildPhase;
			buildActionMask = 2147483647;
			files = (
				583646732C2C0064001148DC /* VerticalSliderEventHandler.swift in Sources */,
				58411BBF2C2D478F001D6D26 /* EQPresetView.swift in Sources */,
				5836465A2C2BFF44001148DC /* ViewController.swift in Sources */,
				5836466F2C2C0006001148DC /* NewEQView.swift in Sources */,
				583646712C2C0036001148DC /* VerticalSlider.swift in Sources */,
				583646562C2BFF44001148DC /* AppDelegate.swift in Sources */,
				58411BD22C2E8D71001D6D26 /* NewEQTutorialView.swift in Sources */,
				58411BCB2C2E50AF001D6D26 /* PresetTableViewCell.swift in Sources */,
				58411BC92C2E50A3001D6D26 /* TopTitleTableViewCell.swift in Sources */,
				58411BC72C2E47DE001D6D26 /* NewEQDetailView.swift in Sources */,
				58411BC32C2E46CD001D6D26 /* NewEQDetailVC.swift in Sources */,
				583646582C2BFF44001148DC /* SceneDelegate.swift in Sources */,
				584D29182C2CFFC000856C0F /* EQSliderView.swift in Sources */,
				58411BCF2C2E8D10001D6D26 /* DottedBoarderView.swift in Sources */,
				58411BCD2C2E58D1001D6D26 /* CustomTableViewCell.swift in Sources */,
			);
			runOnlyForDeploymentPostprocessing = 0;
		};
/* End PBXSourcesBuildPhase section */

/* Begin PBXVariantGroup section */
		5836465B2C2BFF44001148DC /* Main.storyboard */ = {
			isa = PBXVariantGroup;
			children = (
				5836465C2C2BFF44001148DC /* Base */,
			);
			name = Main.storyboard;
			sourceTree = "<group>";
		};
		583646602C2BFF45001148DC /* LaunchScreen.storyboard */ = {
			isa = PBXVariantGroup;
			children = (
				583646612C2BFF45001148DC /* Base */,
			);
			name = LaunchScreen.storyboard;
			sourceTree = "<group>";
		};
/* End PBXVariantGroup section */

/* Begin XCBuildConfiguration section */
		583646642C2BFF45001148DC /* Debug */ = {
			isa = XCBuildConfiguration;
			buildSettings = {
				ALWAYS_SEARCH_USER_PATHS = NO;
				ASSETCATALOG_COMPILER_GENERATE_SWIFT_ASSET_SYMBOL_EXTENSIONS = YES;
				CLANG_ANALYZER_NONNULL = YES;
				CLANG_ANALYZER_NUMBER_OBJECT_CONVERSION = YES_AGGRESSIVE;
				CLANG_CXX_LANGUAGE_STANDARD = "gnu++20";
				CLANG_ENABLE_MODULES = YES;
				CLANG_ENABLE_OBJC_ARC = YES;
				CLANG_ENABLE_OBJC_WEAK = YES;
				CLANG_WARN_BLOCK_CAPTURE_AUTORELEASING = YES;
				CLANG_WARN_BOOL_CONVERSION = YES;
				CLANG_WARN_COMMA = YES;
				CLANG_WARN_CONSTANT_CONVERSION = YES;
				CLANG_WARN_DEPRECATED_OBJC_IMPLEMENTATIONS = YES;
				CLANG_WARN_DIRECT_OBJC_ISA_USAGE = YES_ERROR;
				CLANG_WARN_DOCUMENTATION_COMMENTS = YES;
				CLANG_WARN_EMPTY_BODY = YES;
				CLANG_WARN_ENUM_CONVERSION = YES;
				CLANG_WARN_INFINITE_RECURSION = YES;
				CLANG_WARN_INT_CONVERSION = YES;
				CLANG_WARN_NON_LITERAL_NULL_CONVERSION = YES;
				CLANG_WARN_OBJC_IMPLICIT_RETAIN_SELF = YES;
				CLANG_WARN_OBJC_LITERAL_CONVERSION = YES;
				CLANG_WARN_OBJC_ROOT_CLASS = YES_ERROR;
				CLANG_WARN_QUOTED_INCLUDE_IN_FRAMEWORK_HEADER = YES;
				CLANG_WARN_RANGE_LOOP_ANALYSIS = YES;
				CLANG_WARN_STRICT_PROTOTYPES = YES;
				CLANG_WARN_SUSPICIOUS_MOVE = YES;
				CLANG_WARN_UNGUARDED_AVAILABILITY = YES_AGGRESSIVE;
				CLANG_WARN_UNREACHABLE_CODE = YES;
				CLANG_WARN__DUPLICATE_METHOD_MATCH = YES;
				COPY_PHASE_STRIP = NO;
				DEBUG_INFORMATION_FORMAT = dwarf;
				ENABLE_STRICT_OBJC_MSGSEND = YES;
				ENABLE_TESTABILITY = YES;
				ENABLE_USER_SCRIPT_SANDBOXING = YES;
				GCC_C_LANGUAGE_STANDARD = gnu17;
				GCC_DYNAMIC_NO_PIC = NO;
				GCC_NO_COMMON_BLOCKS = YES;
				GCC_OPTIMIZATION_LEVEL = 0;
				GCC_PREPROCESSOR_DEFINITIONS = (
					"DEBUG=1",
					"$(inherited)",
				);
				GCC_WARN_64_TO_32_BIT_CONVERSION = YES;
				GCC_WARN_ABOUT_RETURN_TYPE = YES_ERROR;
				GCC_WARN_UNDECLARED_SELECTOR = YES;
				GCC_WARN_UNINITIALIZED_AUTOS = YES_AGGRESSIVE;
				GCC_WARN_UNUSED_FUNCTION = YES;
				GCC_WARN_UNUSED_VARIABLE = YES;
				IPHONEOS_DEPLOYMENT_TARGET = 17.2;
				LOCALIZATION_PREFERS_STRING_CATALOGS = YES;
				MTL_ENABLE_DEBUG_INFO = INCLUDE_SOURCE;
				MTL_FAST_MATH = YES;
				ONLY_ACTIVE_ARCH = YES;
				SDKROOT = iphoneos;
				SWIFT_ACTIVE_COMPILATION_CONDITIONS = "DEBUG $(inherited)";
				SWIFT_OPTIMIZATION_LEVEL = "-Onone";
			};
			name = Debug;
		};
		583646652C2BFF45001148DC /* Release */ = {
			isa = XCBuildConfiguration;
			buildSettings = {
				ALWAYS_SEARCH_USER_PATHS = NO;
				ASSETCATALOG_COMPILER_GENERATE_SWIFT_ASSET_SYMBOL_EXTENSIONS = YES;
				CLANG_ANALYZER_NONNULL = YES;
				CLANG_ANALYZER_NUMBER_OBJECT_CONVERSION = YES_AGGRESSIVE;
				CLANG_CXX_LANGUAGE_STANDARD = "gnu++20";
				CLANG_ENABLE_MODULES = YES;
				CLANG_ENABLE_OBJC_ARC = YES;
				CLANG_ENABLE_OBJC_WEAK = YES;
				CLANG_WARN_BLOCK_CAPTURE_AUTORELEASING = YES;
				CLANG_WARN_BOOL_CONVERSION = YES;
				CLANG_WARN_COMMA = YES;
				CLANG_WARN_CONSTANT_CONVERSION = YES;
				CLANG_WARN_DEPRECATED_OBJC_IMPLEMENTATIONS = YES;
				CLANG_WARN_DIRECT_OBJC_ISA_USAGE = YES_ERROR;
				CLANG_WARN_DOCUMENTATION_COMMENTS = YES;
				CLANG_WARN_EMPTY_BODY = YES;
				CLANG_WARN_ENUM_CONVERSION = YES;
				CLANG_WARN_INFINITE_RECURSION = YES;
				CLANG_WARN_INT_CONVERSION = YES;
				CLANG_WARN_NON_LITERAL_NULL_CONVERSION = YES;
				CLANG_WARN_OBJC_IMPLICIT_RETAIN_SELF = YES;
				CLANG_WARN_OBJC_LITERAL_CONVERSION = YES;
				CLANG_WARN_OBJC_ROOT_CLASS = YES_ERROR;
				CLANG_WARN_QUOTED_INCLUDE_IN_FRAMEWORK_HEADER = YES;
				CLANG_WARN_RANGE_LOOP_ANALYSIS = YES;
				CLANG_WARN_STRICT_PROTOTYPES = YES;
				CLANG_WARN_SUSPICIOUS_MOVE = YES;
				CLANG_WARN_UNGUARDED_AVAILABILITY = YES_AGGRESSIVE;
				CLANG_WARN_UNREACHABLE_CODE = YES;
				CLANG_WARN__DUPLICATE_METHOD_MATCH = YES;
				COPY_PHASE_STRIP = NO;
				DEBUG_INFORMATION_FORMAT = "dwarf-with-dsym";
				ENABLE_NS_ASSERTIONS = NO;
				ENABLE_STRICT_OBJC_MSGSEND = YES;
				ENABLE_USER_SCRIPT_SANDBOXING = YES;
				GCC_C_LANGUAGE_STANDARD = gnu17;
				GCC_NO_COMMON_BLOCKS = YES;
				GCC_WARN_64_TO_32_BIT_CONVERSION = YES;
				GCC_WARN_ABOUT_RETURN_TYPE = YES_ERROR;
				GCC_WARN_UNDECLARED_SELECTOR = YES;
				GCC_WARN_UNINITIALIZED_AUTOS = YES_AGGRESSIVE;
				GCC_WARN_UNUSED_FUNCTION = YES;
				GCC_WARN_UNUSED_VARIABLE = YES;
				IPHONEOS_DEPLOYMENT_TARGET = 17.2;
				LOCALIZATION_PREFERS_STRING_CATALOGS = YES;
				MTL_ENABLE_DEBUG_INFO = NO;
				MTL_FAST_MATH = YES;
				SDKROOT = iphoneos;
				SWIFT_COMPILATION_MODE = wholemodule;
				VALIDATE_PRODUCT = YES;
			};
			name = Release;
		};
		583646672C2BFF45001148DC /* Debug */ = {
			isa = XCBuildConfiguration;
			buildSettings = {
				ASSETCATALOG_COMPILER_APPICON_NAME = AppIcon;
				ASSETCATALOG_COMPILER_GLOBAL_ACCENT_COLOR_NAME = AccentColor;
				CODE_SIGN_STYLE = Automatic;
				CURRENT_PROJECT_VERSION = 1;
				DEVELOPMENT_TEAM = URKX58Q4WY;
				GENERATE_INFOPLIST_FILE = YES;
				INFOPLIST_FILE = EQTest/Info.plist;
				INFOPLIST_KEY_UIApplicationSupportsIndirectInputEvents = YES;
				INFOPLIST_KEY_UILaunchStoryboardName = LaunchScreen;
				INFOPLIST_KEY_UIMainStoryboardFile = Main;
				INFOPLIST_KEY_UISupportedInterfaceOrientations_iPad = "UIInterfaceOrientationPortrait UIInterfaceOrientationPortraitUpsideDown UIInterfaceOrientationLandscapeLeft UIInterfaceOrientationLandscapeRight";
				INFOPLIST_KEY_UISupportedInterfaceOrientations_iPhone = "UIInterfaceOrientationPortrait UIInterfaceOrientationLandscapeLeft UIInterfaceOrientationLandscapeRight";
				LD_RUNPATH_SEARCH_PATHS = (
					"$(inherited)",
					"@executable_path/Frameworks",
				);
				MARKETING_VERSION = 1.0;
				PRODUCT_BUNDLE_IDENTIFIER = com.tuistuikit.test.www.EQTest;
				PRODUCT_NAME = "$(TARGET_NAME)";
				SWIFT_EMIT_LOC_STRINGS = YES;
				SWIFT_VERSION = 5.0;
				TARGETED_DEVICE_FAMILY = "1,2";
			};
			name = Debug;
		};
		583646682C2BFF45001148DC /* Release */ = {
			isa = XCBuildConfiguration;
			buildSettings = {
				ASSETCATALOG_COMPILER_APPICON_NAME = AppIcon;
				ASSETCATALOG_COMPILER_GLOBAL_ACCENT_COLOR_NAME = AccentColor;
				CODE_SIGN_STYLE = Automatic;
				CURRENT_PROJECT_VERSION = 1;
				DEVELOPMENT_TEAM = URKX58Q4WY;
				GENERATE_INFOPLIST_FILE = YES;
				INFOPLIST_FILE = EQTest/Info.plist;
				INFOPLIST_KEY_UIApplicationSupportsIndirectInputEvents = YES;
				INFOPLIST_KEY_UILaunchStoryboardName = LaunchScreen;
				INFOPLIST_KEY_UIMainStoryboardFile = Main;
				INFOPLIST_KEY_UISupportedInterfaceOrientations_iPad = "UIInterfaceOrientationPortrait UIInterfaceOrientationPortraitUpsideDown UIInterfaceOrientationLandscapeLeft UIInterfaceOrientationLandscapeRight";
				INFOPLIST_KEY_UISupportedInterfaceOrientations_iPhone = "UIInterfaceOrientationPortrait UIInterfaceOrientationLandscapeLeft UIInterfaceOrientationLandscapeRight";
				LD_RUNPATH_SEARCH_PATHS = (
					"$(inherited)",
					"@executable_path/Frameworks",
				);
				MARKETING_VERSION = 1.0;
				PRODUCT_BUNDLE_IDENTIFIER = com.tuistuikit.test.www.EQTest;
				PRODUCT_NAME = "$(TARGET_NAME)";
				SWIFT_EMIT_LOC_STRINGS = YES;
				SWIFT_VERSION = 5.0;
				TARGETED_DEVICE_FAMILY = "1,2";
			};
			name = Release;
		};
/* End XCBuildConfiguration section */

/* Begin XCConfigurationList section */
		5836464D2C2BFF44001148DC /* Build configuration list for PBXProject "EQTest" */ = {
			isa = XCConfigurationList;
			buildConfigurations = (
				583646642C2BFF45001148DC /* Debug */,
				583646652C2BFF45001148DC /* Release */,
			);
			defaultConfigurationIsVisible = 0;
			defaultConfigurationName = Release;
		};
		583646662C2BFF45001148DC /* Build configuration list for PBXNativeTarget "EQTest" */ = {
			isa = XCConfigurationList;
			buildConfigurations = (
				583646672C2BFF45001148DC /* Debug */,
				583646682C2BFF45001148DC /* Release */,
			);
			defaultConfigurationIsVisible = 0;
			defaultConfigurationName = Release;
		};
/* End XCConfigurationList section */

/* Begin XCRemoteSwiftPackageReference section */
		584D29142C2CFC7A00856C0F /* XCRemoteSwiftPackageReference "Then" */ = {
			isa = XCRemoteSwiftPackageReference;
			repositoryURL = "https://github.com/devxoul/Then";
			requirement = {
				kind = upToNextMajorVersion;
				minimumVersion = 3.0.0;
			};
		};
		585BF5BC2C2D104C008908F5 /* XCRemoteSwiftPackageReference "SnapKit" */ = {
			isa = XCRemoteSwiftPackageReference;
			repositoryURL = "https://github.com/SnapKit/SnapKit.git";
			requirement = {
				kind = upToNextMajorVersion;
				minimumVersion = 5.7.1;
			};
		};
/* End XCRemoteSwiftPackageReference section */

/* Begin XCSwiftPackageProductDependency section */
		584D29152C2CFC7A00856C0F /* Then */ = {
			isa = XCSwiftPackageProductDependency;
			package = 584D29142C2CFC7A00856C0F /* XCRemoteSwiftPackageReference "Then" */;
			productName = Then;
		};
		585BF5BD2C2D104C008908F5 /* SnapKit */ = {
			isa = XCSwiftPackageProductDependency;
			package = 585BF5BC2C2D104C008908F5 /* XCRemoteSwiftPackageReference "SnapKit" */;
			productName = SnapKit;
		};
/* End XCSwiftPackageProductDependency section */
	};
	rootObject = 5836464A2C2BFF44001148DC /* Project object */;
}
